// !$*UTF8*$!
{
	archiveVersion = 1;
	classes = {
	};
	objectVersion = 50;
	objects = {

/* Begin PBXBuildFile section */
		91711C9C25012BCA00913DAC /* AppDelegate.swift in Sources */ = {isa = PBXBuildFile; fileRef = 91711C9B25012BCA00913DAC /* AppDelegate.swift */; };
		91711C9E25012BCA00913DAC /* ViewController.swift in Sources */ = {isa = PBXBuildFile; fileRef = 91711C9D25012BCA00913DAC /* ViewController.swift */; };
		91711CA025012BCB00913DAC /* Assets.xcassets in Resources */ = {isa = PBXBuildFile; fileRef = 91711C9F25012BCB00913DAC /* Assets.xcassets */; };
		91711CA325012BCB00913DAC /* Main.storyboard in Resources */ = {isa = PBXBuildFile; fileRef = 91711CA125012BCB00913DAC /* Main.storyboard */; };
		91711CAF25012BCB00913DAC /* pv_for_macTests.swift in Sources */ = {isa = PBXBuildFile; fileRef = 91711CAE25012BCB00913DAC /* pv_for_macTests.swift */; };
		91711CBA25012BCB00913DAC /* pv_for_macUITests.swift in Sources */ = {isa = PBXBuildFile; fileRef = 91711CB925012BCB00913DAC /* pv_for_macUITests.swift */; };
/* End PBXBuildFile section */

/* Begin PBXContainerItemProxy section */
		91711CAB25012BCB00913DAC /* PBXContainerItemProxy */ = {
			isa = PBXContainerItemProxy;
			containerPortal = 91711C9025012BCA00913DAC /* Project object */;
			proxyType = 1;
			remoteGlobalIDString = 91711C9725012BCA00913DAC;
			remoteInfo = pv_for_mac;
		};
		91711CB625012BCB00913DAC /* PBXContainerItemProxy */ = {
			isa = PBXContainerItemProxy;
			containerPortal = 91711C9025012BCA00913DAC /* Project object */;
			proxyType = 1;
			remoteGlobalIDString = 91711C9725012BCA00913DAC;
			remoteInfo = pv_for_mac;
		};
/* End PBXContainerItemProxy section */

/* Begin PBXFileReference section */
		91711C9825012BCA00913DAC /* pv_for_mac.app */ = {isa = PBXFileReference; explicitFileType = wrapper.application; includeInIndex = 0; path = pv_for_mac.app; sourceTree = BUILT_PRODUCTS_DIR; };
		91711C9B25012BCA00913DAC /* AppDelegate.swift */ = {isa = PBXFileReference; lastKnownFileType = sourcecode.swift; path = AppDelegate.swift; sourceTree = "<group>"; };
		91711C9D25012BCA00913DAC /* ViewController.swift */ = {isa = PBXFileReference; lastKnownFileType = sourcecode.swift; path = ViewController.swift; sourceTree = "<group>"; };
		91711C9F25012BCB00913DAC /* Assets.xcassets */ = {isa = PBXFileReference; lastKnownFileType = folder.assetcatalog; path = Assets.xcassets; sourceTree = "<group>"; };
		91711CA225012BCB00913DAC /* Base */ = {isa = PBXFileReference; lastKnownFileType = file.storyboard; name = Base; path = Base.lproj/Main.storyboard; sourceTree = "<group>"; };
		91711CA425012BCB00913DAC /* Info.plist */ = {isa = PBXFileReference; lastKnownFileType = text.plist.xml; path = Info.plist; sourceTree = "<group>"; };
		91711CA525012BCB00913DAC /* pv_for_mac.entitlements */ = {isa = PBXFileReference; lastKnownFileType = text.plist.entitlements; path = pv_for_mac.entitlements; sourceTree = "<group>"; };
		91711CAA25012BCB00913DAC /* pv_for_macTests.xctest */ = {isa = PBXFileReference; explicitFileType = wrapper.cfbundle; includeInIndex = 0; path = pv_for_macTests.xctest; sourceTree = BUILT_PRODUCTS_DIR; };
		91711CAE25012BCB00913DAC /* pv_for_macTests.swift */ = {isa = PBXFileReference; lastKnownFileType = sourcecode.swift; path = pv_for_macTests.swift; sourceTree = "<group>"; };
		91711CB025012BCB00913DAC /* Info.plist */ = {isa = PBXFileReference; lastKnownFileType = text.plist.xml; path = Info.plist; sourceTree = "<group>"; };
		91711CB525012BCB00913DAC /* pv_for_macUITests.xctest */ = {isa = PBXFileReference; explicitFileType = wrapper.cfbundle; includeInIndex = 0; path = pv_for_macUITests.xctest; sourceTree = BUILT_PRODUCTS_DIR; };
		91711CB925012BCB00913DAC /* pv_for_macUITests.swift */ = {isa = PBXFileReference; lastKnownFileType = sourcecode.swift; path = pv_for_macUITests.swift; sourceTree = "<group>"; };
		91711CBB25012BCB00913DAC /* Info.plist */ = {isa = PBXFileReference; lastKnownFileType = text.plist.xml; path = Info.plist; sourceTree = "<group>"; };
/* End PBXFileReference section */

/* Begin PBXFrameworksBuildPhase section */
		91711C9525012BCA00913DAC /* Frameworks */ = {
			isa = PBXFrameworksBuildPhase;
			buildActionMask = 2147483647;
			files = (
			);
			runOnlyForDeploymentPostprocessing = 0;
		};
		91711CA725012BCB00913DAC /* Frameworks */ = {
			isa = PBXFrameworksBuildPhase;
			buildActionMask = 2147483647;
			files = (
			);
			runOnlyForDeploymentPostprocessing = 0;
		};
		91711CB225012BCB00913DAC /* Frameworks */ = {
			isa = PBXFrameworksBuildPhase;
			buildActionMask = 2147483647;
			files = (
			);
			runOnlyForDeploymentPostprocessing = 0;
		};
/* End PBXFrameworksBuildPhase section */

/* Begin PBXGroup section */
		91711C8F25012BCA00913DAC = {
			isa = PBXGroup;
			children = (
				91711C9A25012BCA00913DAC /* pv_for_mac */,
				91711CAD25012BCB00913DAC /* pv_for_macTests */,
				91711CB825012BCB00913DAC /* pv_for_macUITests */,
				91711C9925012BCA00913DAC /* Products */,
			);
			sourceTree = "<group>";
		};
		91711C9925012BCA00913DAC /* Products */ = {
			isa = PBXGroup;
			children = (
				91711C9825012BCA00913DAC /* pv_for_mac.app */,
				91711CAA25012BCB00913DAC /* pv_for_macTests.xctest */,
				91711CB525012BCB00913DAC /* pv_for_macUITests.xctest */,
			);
			name = Products;
			sourceTree = "<group>";
		};
		91711C9A25012BCA00913DAC /* pv_for_mac */ = {
			isa = PBXGroup;
			children = (
				91711C9B25012BCA00913DAC /* AppDelegate.swift */,
				91711C9D25012BCA00913DAC /* ViewController.swift */,
				91711C9F25012BCB00913DAC /* Assets.xcassets */,
				91711CA125012BCB00913DAC /* Main.storyboard */,
				91711CA425012BCB00913DAC /* Info.plist */,
				91711CA525012BCB00913DAC /* pv_for_mac.entitlements */,
			);
			path = pv_for_mac;
			sourceTree = "<group>";
		};
		91711CAD25012BCB00913DAC /* pv_for_macTests */ = {
			isa = PBXGroup;
			children = (
				91711CAE25012BCB00913DAC /* pv_for_macTests.swift */,
				91711CB025012BCB00913DAC /* Info.plist */,
			);
			path = pv_for_macTests;
			sourceTree = "<group>";
		};
		91711CB825012BCB00913DAC /* pv_for_macUITests */ = {
			isa = PBXGroup;
			children = (
				91711CB925012BCB00913DAC /* pv_for_macUITests.swift */,
				91711CBB25012BCB00913DAC /* Info.plist */,
			);
			path = pv_for_macUITests;
			sourceTree = "<group>";
		};
/* End PBXGroup section */

/* Begin PBXNativeTarget section */
		91711C9725012BCA00913DAC /* pv_for_mac */ = {
			isa = PBXNativeTarget;
			buildConfigurationList = 91711CBE25012BCB00913DAC /* Build configuration list for PBXNativeTarget "pv_for_mac" */;
			buildPhases = (
				91711C9425012BCA00913DAC /* Sources */,
				91711C9525012BCA00913DAC /* Frameworks */,
				91711C9625012BCA00913DAC /* Resources */,
			);
			buildRules = (
			);
			dependencies = (
			);
			name = pv_for_mac;
			productName = pv_for_mac;
			productReference = 91711C9825012BCA00913DAC /* pv_for_mac.app */;
			productType = "com.apple.product-type.application";
		};
		91711CA925012BCB00913DAC /* pv_for_macTests */ = {
			isa = PBXNativeTarget;
			buildConfigurationList = 91711CC125012BCB00913DAC /* Build configuration list for PBXNativeTarget "pv_for_macTests" */;
			buildPhases = (
				91711CA625012BCB00913DAC /* Sources */,
				91711CA725012BCB00913DAC /* Frameworks */,
				91711CA825012BCB00913DAC /* Resources */,
			);
			buildRules = (
			);
			dependencies = (
				91711CAC25012BCB00913DAC /* PBXTargetDependency */,
			);
			name = pv_for_macTests;
			productName = pv_for_macTests;
			productReference = 91711CAA25012BCB00913DAC /* pv_for_macTests.xctest */;
			productType = "com.apple.product-type.bundle.unit-test";
		};
		91711CB425012BCB00913DAC /* pv_for_macUITests */ = {
			isa = PBXNativeTarget;
			buildConfigurationList = 91711CC425012BCB00913DAC /* Build configuration list for PBXNativeTarget "pv_for_macUITests" */;
			buildPhases = (
				91711CB125012BCB00913DAC /* Sources */,
				91711CB225012BCB00913DAC /* Frameworks */,
				91711CB325012BCB00913DAC /* Resources */,
			);
			buildRules = (
			);
			dependencies = (
				91711CB725012BCB00913DAC /* PBXTargetDependency */,
			);
			name = pv_for_macUITests;
			productName = pv_for_macUITests;
			productReference = 91711CB525012BCB00913DAC /* pv_for_macUITests.xctest */;
			productType = "com.apple.product-type.bundle.ui-testing";
		};
/* End PBXNativeTarget section */

/* Begin PBXProject section */
		91711C9025012BCA00913DAC /* Project object */ = {
			isa = PBXProject;
			attributes = {
				LastSwiftUpdateCheck = 1170;
				LastUpgradeCheck = 1170;
				ORGANIZATIONNAME = "Tatano Yoshihito";
				TargetAttributes = {
					91711C9725012BCA00913DAC = {
						CreatedOnToolsVersion = 11.7;
					};
					91711CA925012BCB00913DAC = {
						CreatedOnToolsVersion = 11.7;
						TestTargetID = 91711C9725012BCA00913DAC;
					};
					91711CB425012BCB00913DAC = {
						CreatedOnToolsVersion = 11.7;
						TestTargetID = 91711C9725012BCA00913DAC;
					};
				};
			};
			buildConfigurationList = 91711C9325012BCA00913DAC /* Build configuration list for PBXProject "pv_for_mac" */;
			compatibilityVersion = "Xcode 9.3";
			developmentRegion = en;
			hasScannedForEncodings = 0;
			knownRegions = (
				en,
				Base,
			);
			mainGroup = 91711C8F25012BCA00913DAC;
			productRefGroup = 91711C9925012BCA00913DAC /* Products */;
			projectDirPath = "";
			projectRoot = "";
			targets = (
				91711C9725012BCA00913DAC /* pv_for_mac */,
				91711CA925012BCB00913DAC /* pv_for_macTests */,
				91711CB425012BCB00913DAC /* pv_for_macUITests */,
			);
		};
/* End PBXProject section */

/* Begin PBXResourcesBuildPhase section */
		91711C9625012BCA00913DAC /* Resources */ = {
			isa = PBXResourcesBuildPhase;
			buildActionMask = 2147483647;
			files = (
				91711CA025012BCB00913DAC /* Assets.xcassets in Resources */,
				91711CA325012BCB00913DAC /* Main.storyboard in Resources */,
			);
			runOnlyForDeploymentPostprocessing = 0;
		};
		91711CA825012BCB00913DAC /* Resources */ = {
			isa = PBXResourcesBuildPhase;
			buildActionMask = 2147483647;
			files = (
			);
			runOnlyForDeploymentPostprocessing = 0;
		};
		91711CB325012BCB00913DAC /* Resources */ = {
			isa = PBXResourcesBuildPhase;
			buildActionMask = 2147483647;
			files = (
			);
			runOnlyForDeploymentPostprocessing = 0;
		};
/* End PBXResourcesBuildPhase section */

/* Begin PBXSourcesBuildPhase section */
		91711C9425012BCA00913DAC /* Sources */ = {
			isa = PBXSourcesBuildPhase;
			buildActionMask = 2147483647;
			files = (
				91711C9E25012BCA00913DAC /* ViewController.swift in Sources */,
				91711C9C25012BCA00913DAC /* AppDelegate.swift in Sources */,
			);
			runOnlyForDeploymentPostprocessing = 0;
		};
		91711CA625012BCB00913DAC /* Sources */ = {
			isa = PBXSourcesBuildPhase;
			buildActionMask = 2147483647;
			files = (
				91711CAF25012BCB00913DAC /* pv_for_macTests.swift in Sources */,
			);
			runOnlyForDeploymentPostprocessing = 0;
		};
		91711CB125012BCB00913DAC /* Sources */ = {
			isa = PBXSourcesBuildPhase;
			buildActionMask = 2147483647;
			files = (
				91711CBA25012BCB00913DAC /* pv_for_macUITests.swift in Sources */,
			);
			runOnlyForDeploymentPostprocessing = 0;
		};
/* End PBXSourcesBuildPhase section */

/* Begin PBXTargetDependency section */
		91711CAC25012BCB00913DAC /* PBXTargetDependency */ = {
			isa = PBXTargetDependency;
			target = 91711C9725012BCA00913DAC /* pv_for_mac */;
			targetProxy = 91711CAB25012BCB00913DAC /* PBXContainerItemProxy */;
		};
		91711CB725012BCB00913DAC /* PBXTargetDependency */ = {
			isa = PBXTargetDependency;
			target = 91711C9725012BCA00913DAC /* pv_for_mac */;
			targetProxy = 91711CB625012BCB00913DAC /* PBXContainerItemProxy */;
		};
/* End PBXTargetDependency section */

/* Begin PBXVariantGroup section */
		91711CA125012BCB00913DAC /* Main.storyboard */ = {
			isa = PBXVariantGroup;
			children = (
				91711CA225012BCB00913DAC /* Base */,
			);
			name = Main.storyboard;
			sourceTree = "<group>";
		};
/* End PBXVariantGroup section */

/* Begin XCBuildConfiguration section */
		91711CBC25012BCB00913DAC /* Debug */ = {
			isa = XCBuildConfiguration;
			buildSettings = {
				ALWAYS_SEARCH_USER_PATHS = NO;
				CLANG_ANALYZER_NONNULL = YES;
				CLANG_ANALYZER_NUMBER_OBJECT_CONVERSION = YES_AGGRESSIVE;
				CLANG_CXX_LANGUAGE_STANDARD = "gnu++14";
				CLANG_CXX_LIBRARY = "libc++";
				CLANG_ENABLE_MODULES = YES;
				CLANG_ENABLE_OBJC_ARC = YES;
				CLANG_ENABLE_OBJC_WEAK = YES;
				CLANG_WARN_BLOCK_CAPTURE_AUTORELEASING = YES;
				CLANG_WARN_BOOL_CONVERSION = YES;
				CLANG_WARN_COMMA = YES;
				CLANG_WARN_CONSTANT_CONVERSION = YES;
				CLANG_WARN_DEPRECATED_OBJC_IMPLEMENTATIONS = YES;
				CLANG_WARN_DIRECT_OBJC_ISA_USAGE = YES_ERROR;
				CLANG_WARN_DOCUMENTATION_COMMENTS = YES;
				CLANG_WARN_EMPTY_BODY = YES;
				CLANG_WARN_ENUM_CONVERSION = YES;
				CLANG_WARN_INFINITE_RECURSION = YES;
				CLANG_WARN_INT_CONVERSION = YES;
				CLANG_WARN_NON_LITERAL_NULL_CONVERSION = YES;
				CLANG_WARN_OBJC_IMPLICIT_RETAIN_SELF = YES;
				CLANG_WARN_OBJC_LITERAL_CONVERSION = YES;
				CLANG_WARN_OBJC_ROOT_CLASS = YES_ERROR;
				CLANG_WARN_RANGE_LOOP_ANALYSIS = YES;
				CLANG_WARN_STRICT_PROTOTYPES = YES;
				CLANG_WARN_SUSPICIOUS_MOVE = YES;
				CLANG_WARN_UNGUARDED_AVAILABILITY = YES_AGGRESSIVE;
				CLANG_WARN_UNREACHABLE_CODE = YES;
				CLANG_WARN__DUPLICATE_METHOD_MATCH = YES;
				COPY_PHASE_STRIP = NO;
				DEBUG_INFORMATION_FORMAT = dwarf;
				ENABLE_STRICT_OBJC_MSGSEND = YES;
				ENABLE_TESTABILITY = YES;
				GCC_C_LANGUAGE_STANDARD = gnu11;
				GCC_DYNAMIC_NO_PIC = NO;
				GCC_NO_COMMON_BLOCKS = YES;
				GCC_OPTIMIZATION_LEVEL = 0;
				GCC_PREPROCESSOR_DEFINITIONS = (
					"DEBUG=1",
					"$(inherited)",
				);
				GCC_WARN_64_TO_32_BIT_CONVERSION = YES;
				GCC_WARN_ABOUT_RETURN_TYPE = YES_ERROR;
				GCC_WARN_UNDECLARED_SELECTOR = YES;
				GCC_WARN_UNINITIALIZED_AUTOS = YES_AGGRESSIVE;
				GCC_WARN_UNUSED_FUNCTION = YES;
				GCC_WARN_UNUSED_VARIABLE = YES;
				MACOSX_DEPLOYMENT_TARGET = 10.15;
				MTL_ENABLE_DEBUG_INFO = INCLUDE_SOURCE;
				MTL_FAST_MATH = YES;
				ONLY_ACTIVE_ARCH = YES;
				SDKROOT = macosx;
				SWIFT_ACTIVE_COMPILATION_CONDITIONS = DEBUG;
				SWIFT_OPTIMIZATION_LEVEL = "-Onone";
			};
			name = Debug;
		};
		91711CBD25012BCB00913DAC /* Release */ = {
			isa = XCBuildConfiguration;
			buildSettings = {
				ALWAYS_SEARCH_USER_PATHS = NO;
				CLANG_ANALYZER_NONNULL = YES;
				CLANG_ANALYZER_NUMBER_OBJECT_CONVERSION = YES_AGGRESSIVE;
				CLANG_CXX_LANGUAGE_STANDARD = "gnu++14";
				CLANG_CXX_LIBRARY = "libc++";
				CLANG_ENABLE_MODULES = YES;
				CLANG_ENABLE_OBJC_ARC = YES;
				CLANG_ENABLE_OBJC_WEAK = YES;
				CLANG_WARN_BLOCK_CAPTURE_AUTORELEASING = YES;
				CLANG_WARN_BOOL_CONVERSION = YES;
				CLANG_WARN_COMMA = YES;
				CLANG_WARN_CONSTANT_CONVERSION = YES;
				CLANG_WARN_DEPRECATED_OBJC_IMPLEMENTATIONS = YES;
				CLANG_WARN_DIRECT_OBJC_ISA_USAGE = YES_ERROR;
				CLANG_WARN_DOCUMENTATION_COMMENTS = YES;
				CLANG_WARN_EMPTY_BODY = YES;
				CLANG_WARN_ENUM_CONVERSION = YES;
				CLANG_WARN_INFINITE_RECURSION = YES;
				CLANG_WARN_INT_CONVERSION = YES;
				CLANG_WARN_NON_LITERAL_NULL_CONVERSION = YES;
				CLANG_WARN_OBJC_IMPLICIT_RETAIN_SELF = YES;
				CLANG_WARN_OBJC_LITERAL_CONVERSION = YES;
				CLANG_WARN_OBJC_ROOT_CLASS = YES_ERROR;
				CLANG_WARN_RANGE_LOOP_ANALYSIS = YES;
				CLANG_WARN_STRICT_PROTOTYPES = YES;
				CLANG_WARN_SUSPICIOUS_MOVE = YES;
				CLANG_WARN_UNGUARDED_AVAILABILITY = YES_AGGRESSIVE;
				CLANG_WARN_UNREACHABLE_CODE = YES;
				CLANG_WARN__DUPLICATE_METHOD_MATCH = YES;
				COPY_PHASE_STRIP = NO;
				DEBUG_INFORMATION_FORMAT = "dwarf-with-dsym";
				ENABLE_NS_ASSERTIONS = NO;
				ENABLE_STRICT_OBJC_MSGSEND = YES;
				GCC_C_LANGUAGE_STANDARD = gnu11;
				GCC_NO_COMMON_BLOCKS = YES;
				GCC_WARN_64_TO_32_BIT_CONVERSION = YES;
				GCC_WARN_ABOUT_RETURN_TYPE = YES_ERROR;
				GCC_WARN_UNDECLARED_SELECTOR = YES;
				GCC_WARN_UNINITIALIZED_AUTOS = YES_AGGRESSIVE;
				GCC_WARN_UNUSED_FUNCTION = YES;
				GCC_WARN_UNUSED_VARIABLE = YES;
				MACOSX_DEPLOYMENT_TARGET = 10.15;
				MTL_ENABLE_DEBUG_INFO = NO;
				MTL_FAST_MATH = YES;
				SDKROOT = macosx;
				SWIFT_COMPILATION_MODE = wholemodule;
				SWIFT_OPTIMIZATION_LEVEL = "-O";
			};
			name = Release;
		};
		91711CBF25012BCB00913DAC /* Debug */ = {
			isa = XCBuildConfiguration;
			buildSettings = {
				ASSETCATALOG_COMPILER_APPICON_NAME = AppIcon;
				CODE_SIGN_ENTITLEMENTS = pv_for_mac/pv_for_mac.entitlements;
				CODE_SIGN_STYLE = Automatic;
				COMBINE_HIDPI_IMAGES = YES;
				INFOPLIST_FILE = pv_for_mac/Info.plist;
				LD_RUNPATH_SEARCH_PATHS = (
					"$(inherited)",
					"@executable_path/../Frameworks",
				);
				PRODUCT_BUNDLE_IDENTIFIER = "tatano.pv-for-mac";
				PRODUCT_NAME = "$(TARGET_NAME)";
				SWIFT_VERSION = 5.0;
			};
			name = Debug;
		};
		91711CC025012BCB00913DAC /* Release */ = {
			isa = XCBuildConfiguration;
			buildSettings = {
				ASSETCATALOG_COMPILER_APPICON_NAME = AppIcon;
				CODE_SIGN_ENTITLEMENTS = pv_for_mac/pv_for_mac.entitlements;
				CODE_SIGN_STYLE = Automatic;
				COMBINE_HIDPI_IMAGES = YES;
				INFOPLIST_FILE = pv_for_mac/Info.plist;
				LD_RUNPATH_SEARCH_PATHS = (
					"$(inherited)",
					"@executable_path/../Frameworks",
				);
				PRODUCT_BUNDLE_IDENTIFIER = "tatano.pv-for-mac";
				PRODUCT_NAME = "$(TARGET_NAME)";
				SWIFT_VERSION = 5.0;
			};
			name = Release;
		};
		91711CC225012BCB00913DAC /* Debug */ = {
			isa = XCBuildConfiguration;
			buildSettings = {
				ALWAYS_EMBED_SWIFT_STANDARD_LIBRARIES = YES;
				BUNDLE_LOADER = "$(TEST_HOST)";
				CODE_SIGN_STYLE = Automatic;
				COMBINE_HIDPI_IMAGES = YES;
				INFOPLIST_FILE = pv_for_macTests/Info.plist;
				LD_RUNPATH_SEARCH_PATHS = (
					"$(inherited)",
					"@executable_path/../Frameworks",
					"@loader_path/../Frameworks",
				);
				MACOSX_DEPLOYMENT_TARGET = 10.15;
				PRODUCT_BUNDLE_IDENTIFIER = "tatano.pv-for-macTests";
				PRODUCT_NAME = "$(TARGET_NAME)";
				SWIFT_VERSION = 5.0;
				TEST_HOST = "$(BUILT_PRODUCTS_DIR)/pv_for_mac.app/Contents/MacOS/pv_for_mac";
			};
			name = Debug;
		};
		91711CC325012BCB00913DAC /* Release */ = {
			isa = XCBuildConfiguration;
			buildSettings = {
				ALWAYS_EMBED_SWIFT_STANDARD_LIBRARIES = YES;
				BUNDLE_LOADER = "$(TEST_HOST)";
				CODE_SIGN_STYLE = Automatic;
				COMBINE_HIDPI_IMAGES = YES;
				INFOPLIST_FILE = pv_for_macTests/Info.plist;
				LD_RUNPATH_SEARCH_PATHS = (
					"$(inherited)",
					"@executable_path/../Frameworks",
					"@loader_path/../Frameworks",
				);
				MACOSX_DEPLOYMENT_TARGET = 10.15;
				PRODUCT_BUNDLE_IDENTIFIER = "tatano.pv-for-macTests";
				PRODUCT_NAME = "$(TARGET_NAME)";
				SWIFT_VERSION = 5.0;
				TEST_HOST = "$(BUILT_PRODUCTS_DIR)/pv_for_mac.app/Contents/MacOS/pv_for_mac";
			};
			name = Release;
		};
		91711CC525012BCB00913DAC /* Debug */ = {
			isa = XCBuildConfiguration;
			buildSettings = {
				ALWAYS_EMBED_SWIFT_STANDARD_LIBRARIES = YES;
				CODE_SIGN_STYLE = Automatic;
				COMBINE_HIDPI_IMAGES = YES;
				INFOPLIST_FILE = pv_for_macUITests/Info.plist;
				LD_RUNPATH_SEARCH_PATHS = (
					"$(inherited)",
					"@executable_path/../Frameworks",
					"@loader_path/../Frameworks",
				);
				PRODUCT_BUNDLE_IDENTIFIER = "tatano.pv-for-macUITests";
				PRODUCT_NAME = "$(TARGET_NAME)";
				SWIFT_VERSION = 5.0;
				TEST_TARGET_NAME = pv_for_mac;
			};
			name = Debug;
		};
		91711CC625012BCB00913DAC /* Release */ = {
			isa = XCBuildConfiguration;
			buildSettings = {
				ALWAYS_EMBED_SWIFT_STANDARD_LIBRARIES = YES;
				CODE_SIGN_STYLE = Automatic;
				COMBINE_HIDPI_IMAGES = YES;
				INFOPLIST_FILE = pv_for_macUITests/Info.plist;
				LD_RUNPATH_SEARCH_PATHS = (
					"$(inherited)",
					"@executable_path/../Frameworks",
					"@loader_path/../Frameworks",
				);
				PRODUCT_BUNDLE_IDENTIFIER = "tatano.pv-for-macUITests";
				PRODUCT_NAME = "$(TARGET_NAME)";
				SWIFT_VERSION = 5.0;
				TEST_TARGET_NAME = pv_for_mac;
			};
			name = Release;
		};
/* End XCBuildConfiguration section */

/* Begin XCConfigurationList section */
		91711C9325012BCA00913DAC /* Build configuration list for PBXProject "pv_for_mac" */ = {
			isa = XCConfigurationList;
			buildConfigurations = (
				91711CBC25012BCB00913DAC /* Debug */,
				91711CBD25012BCB00913DAC /* Release */,
			);
			defaultConfigurationIsVisible = 0;
			defaultConfigurationName = Release;
		};
		91711CBE25012BCB00913DAC /* Build configuration list for PBXNativeTarget "pv_for_mac" */ = {
			isa = XCConfigurationList;
			buildConfigurations = (
				91711CBF25012BCB00913DAC /* Debug */,
				91711CC025012BCB00913DAC /* Release */,
			);
			defaultConfigurationIsVisible = 0;
			defaultConfigurationName = Release;
		};
		91711CC125012BCB00913DAC /* Build configuration list for PBXNativeTarget "pv_for_macTests" */ = {
			isa = XCConfigurationList;
			buildConfigurations = (
				91711CC225012BCB00913DAC /* Debug */,
				91711CC325012BCB00913DAC /* Release */,
			);
			defaultConfigurationIsVisible = 0;
			defaultConfigurationName = Release;
		};
		91711CC425012BCB00913DAC /* Build configuration list for PBXNativeTarget "pv_for_macUITests" */ = {
			isa = XCConfigurationList;
			buildConfigurations = (
				91711CC525012BCB00913DAC /* Debug */,
				91711CC625012BCB00913DAC /* Release */,
			);
			defaultConfigurationIsVisible = 0;
			defaultConfigurationName = Release;
		};
/* End XCConfigurationList section */
	};
	rootObject = 91711C9025012BCA00913DAC /* Project object */;
}
